
Microsoft Visual Studio Solution File, Format Version 12.00
# Visual Studio Version 16
VisualStudioVersion = 16.0.29215.179
MinimumVisualStudioVersion = 10.0.40219.1
Project("{8BC9CEB8-8B4A-11D0-8D11-00A0C91BC942}") = "WestWorldWithMessaging", "WestWorldWithMessaging.vcxproj", "{EE1E5022-9DD6-4D85-BC64-CE3F65DD13D4}"
EndProject
Global
	GlobalSection(SolutionConfigurationPlatforms) = preSolution
		Debug|x86 = Debug|x86
		Release|x86 = Release|x86
	EndGlobalSection
	GlobalSection(ProjectConfigurationPlatforms) = postSolution
		{EE1E5022-9DD6-4D85-BC64-CE3F65DD13D4}.Debug|x86.ActiveCfg = Debug|Win32
		{EE1E5022-9DD6-4D85-BC64-CE3F65DD13D4}.Debug|x86.Build.0 = Debug|Win32
		{EE1E5022-9DD6-4D85-BC64-CE3F65DD13D4}.Release|x86.ActiveCfg = Release|Win32
		{EE1E5022-9DD6-4D85-BC64-CE3F65DD13D4}.Release|x86.Build.0 = Release|Win32
	EndGlobalSection
	GlobalSection(SolutionProperties) = preSolution
		HideSolutionNode = FALSE
	EndGlobalSection
	GlobalSection(ExtensibilityGlobals) = postSolution
		SolutionGuid = {87794AA5-BEA5-47AB-B99C-FB8D42815CEF}
	EndGlobalSection
EndGlobal
